
Microsoft Visual Studio Solution File, Format Version 12.00
# Visual Studio Version 17
VisualStudioVersion = 17.5.002.0
MinimumVisualStudioVersion = 10.0.40219.1
Project("{9A19103F-16F7-4668-BE54-9A1E7A4F7556}") = "JensensWebApp", "JensensWebApp.csproj", "{FE7C7178-5601-45F6-BEDD-F781AF8707BA}"
EndProject
Global
	GlobalSection(SolutionConfigurationPlatforms) = preSolution
		Debug|Any CPU = Debug|Any CPU
		Release|Any CPU = Release|Any CPU
	EndGlobalSection
	GlobalSection(ProjectConfigurationPlatforms) = postSolution
		{FE7C7178-5601-45F6-BEDD-F781AF8707BA}.Debug|Any CPU.ActiveCfg = Debug|Any CPU
		{FE7C7178-5601-45F6-BEDD-F781AF8707BA}.Debug|Any CPU.Build.0 = Debug|Any CPU
		{FE7C7178-5601-45F6-BEDD-F781AF8707BA}.Release|Any CPU.ActiveCfg = Release|Any CPU
		{FE7C7178-5601-45F6-BEDD-F781AF8707BA}.Release|Any CPU.Build.0 = Release|Any CPU
	EndGlobalSection
	GlobalSection(SolutionProperties) = preSolution
		HideSolutionNode = FALSE
	EndGlobalSection
	GlobalSection(ExtensibilityGlobals) = postSolution
		SolutionGuid = {5D133AE6-4023-42CA-A7F3-00FB48997D94}
	EndGlobalSection
EndGlobal
